
Microsoft Visual Studio Solution File, Format Version 12.00
# Visual Studio Version 17
VisualStudioVersion = 17.4.33103.184
MinimumVisualStudioVersion = 10.0.40219.1
Project("{9A19103F-16F7-4668-BE54-9A1E7A4F7556}") = "RainfallApi", "RainfallApi.csproj", "{598C3B17-6A28-4E09-ABD1-121D9989D874}"
EndProject
Global
	GlobalSection(SolutionConfigurationPlatforms) = preSolution
		Debug|Any CPU = Debug|Any CPU
		Release|Any CPU = Release|Any CPU
	EndGlobalSection
	GlobalSection(ProjectConfigurationPlatforms) = postSolution
		{598C3B17-6A28-4E09-ABD1-121D9989D874}.Debug|Any CPU.ActiveCfg = Debug|Any CPU
		{598C3B17-6A28-4E09-ABD1-121D9989D874}.Debug|Any CPU.Build.0 = Debug|Any CPU
		{598C3B17-6A28-4E09-ABD1-121D9989D874}.Release|Any CPU.ActiveCfg = Release|Any CPU
		{598C3B17-6A28-4E09-ABD1-121D9989D874}.Release|Any CPU.Build.0 = Release|Any CPU
	EndGlobalSection
	GlobalSection(SolutionProperties) = preSolution
		HideSolutionNode = FALSE
	EndGlobalSection
	GlobalSection(ExtensibilityGlobals) = postSolution
		SolutionGuid = {FB16A2DE-CA2A-4207-8245-D2D4A2B8B70B}
	EndGlobalSection
EndGlobal
